
Microsoft Visual Studio Solution File, Format Version 12.00
# Visual Studio Version 17
VisualStudioVersion = 17.1.32210.238
MinimumVisualStudioVersion = 10.0.40219.1
Project("{9A19103F-16F7-4668-BE54-9A1E7A4F7556}") = "DIContainer", "DIContainer\DIContainer.csproj", "{A9734D5D-D4A5-433C-98AA-A0CB9D975EA9}"
EndProject
Project("{9A19103F-16F7-4668-BE54-9A1E7A4F7556}") = "DIContainer.Logic", "DIContainer.Logic\DIContainer.Logic.csproj", "{8FF3F17D-9A24-41A3-A367-EEEB547D652B}"
EndProject
Project("{FAE04EC0-301F-11D3-BF4B-00C04F79EFBC}") = "DIContainer.Common", "DIContainer.Common\DIContainer.Common.csproj", "{3C672442-746A-42C9-8D92-681004517069}"
EndProject
Global
	GlobalSection(SolutionConfigurationPlatforms) = preSolution
		Debug|Any CPU = Debug|Any CPU
		Release|Any CPU = Release|Any CPU
	EndGlobalSection
	GlobalSection(ProjectConfigurationPlatforms) = postSolution
		{A9734D5D-D4A5-433C-98AA-A0CB9D975EA9}.Debug|Any CPU.ActiveCfg = Debug|Any CPU
		{A9734D5D-D4A5-433C-98AA-A0CB9D975EA9}.Debug|Any CPU.Build.0 = Debug|Any CPU
		{A9734D5D-D4A5-433C-98AA-A0CB9D975EA9}.Release|Any CPU.ActiveCfg = Release|Any CPU
		{A9734D5D-D4A5-433C-98AA-A0CB9D975EA9}.Release|Any CPU.Build.0 = Release|Any CPU
		{8FF3F17D-9A24-41A3-A367-EEEB547D652B}.Debug|Any CPU.ActiveCfg = Debug|Any CPU
		{8FF3F17D-9A24-41A3-A367-EEEB547D652B}.Debug|Any CPU.Build.0 = Debug|Any CPU
		{8FF3F17D-9A24-41A3-A367-EEEB547D652B}.Release|Any CPU.ActiveCfg = Release|Any CPU
		{8FF3F17D-9A24-41A3-A367-EEEB547D652B}.Release|Any CPU.Build.0 = Release|Any CPU
		{3C672442-746A-42C9-8D92-681004517069}.Debug|Any CPU.ActiveCfg = Debug|Any CPU
		{3C672442-746A-42C9-8D92-681004517069}.Debug|Any CPU.Build.0 = Debug|Any CPU
		{3C672442-746A-42C9-8D92-681004517069}.Release|Any CPU.ActiveCfg = Release|Any CPU
		{3C672442-746A-42C9-8D92-681004517069}.Release|Any CPU.Build.0 = Release|Any CPU
	EndGlobalSection
	GlobalSection(SolutionProperties) = preSolution
		HideSolutionNode = FALSE
	EndGlobalSection
	GlobalSection(ExtensibilityGlobals) = postSolution
		SolutionGuid = {CA139EC0-4337-4FB8-AC61-4561633D24D4}
	EndGlobalSection
EndGlobal
